<?xml version="1.0" encoding="utf-8"?>
<Project ToolsVersion="4.0" xmlns="http://schemas.microsoft.com/developer/msbuild/2003">
  <ItemGroup>
    <Filter Include="Source Files">
      <UniqueIdentifier>{4FC737F1-C7A5-4376-A066-2A32D752A2FF}</UniqueIdentifier>
      <Extensions>cpp;c;cc;cxx;c++;cppm;ixx;def;odl;idl;hpj;bat;asm;asmx</Extensions>
    </Filter>
    <Filter Include="Header Files">
      <UniqueIdentifier>{93995380-89BD-4b04-88EB-625FBE52EBFB}</UniqueIdentifier>
      <Extensions>h;hh;hpp;hxx;h++;hm;inl;inc;ipp;xsd</Extensions>
    </Filter>
    <Filter Include="Resource Files">
      <UniqueIdentifier>{67DA6AB6-F800-4c08-8B7A-83BB121AAD01}</UniqueIdentifier>
      <Extensions>rc;ico;cur;bmp;dlg;rc2;rct;bin;rgs;gif;jpg;jpeg;jpe;resx;tiff;tif;png;wav;mfcribbon-ms</Extensions>
    </Filter>
    <Filter Include="Commands">
      <UniqueIdentifier>{9b5108a3-d891-46d0-a0f2-5d8bfa9aaeaa}</UniqueIdentifier>
    </Filter>
    <Filter Include="Process">
      <UniqueIdentifier>{9a47507b-e539-4106-97eb-f20134b0b423}</UniqueIdentifier>
    </Filter>
    <Filter Include="Screen">
      <UniqueIdentifier>{e6aa900d-969f-456c-b723-0e7b9e21ea47}</UniqueIdentifier>
    </Filter>
    <Filter Include="Schedulers">
      <UniqueIdentifier>{22b0744e-fcbd-4202-a763-82b633421a84}</UniqueIdentifier>
    </Filter>
    <Filter Include="Threading">
      <UniqueIdentifier>{a140723f-5f9d-43db-b7a0-5f4319d6acfa}</UniqueIdentifier>
    </Filter>
    <Filter Include="Memory">
      <UniqueIdentifier>{985dc938-8ae0-4229-b9ef-23374bbc6635}</UniqueIdentifier>
    </Filter>
  </ItemGroup>
  <ItemGroup>
    <ClCompile Include="main_menu.cpp">
      <Filter>Source Files</Filter>
    </ClCompile>
    <ClCompile Include="Screen.cpp">
      <Filter>Source Files</Filter>
    </ClCompile>
    <ClCompile Include="ConsoleManager.cpp">
      <Filter>Source Files</Filter>
    </ClCompile>
    <ClCompile Include="AConsole.cpp">
      <Filter>Source Files</Filter>
    </ClCompile>
    <ClCompile Include="MainConsole.cpp">
      <Filter>Source Files</Filter>
    </ClCompile>
    <ClCompile Include="CommandPrinter.cpp">
      <Filter>Source Files</Filter>
    </ClCompile>
    <ClCompile Include="PrintCommand.cpp">
      <Filter>Commands</Filter>
    </ClCompile>
    <ClCompile Include="Process.cpp">
      <Filter>Process</Filter>
    </ClCompile>
    <ClCompile Include="BaseScreen.cpp">
      <Filter>Screen</Filter>
    </ClCompile>
    <ClCompile Include="AScheduler.cpp">
      <Filter>Schedulers</Filter>
    </ClCompile>
    <ClCompile Include="DeclareCommand.cpp">
      <Filter>Commands</Filter>
    </ClCompile>
    <ClCompile Include="AddCommand.cpp">
      <Filter>Commands</Filter>
    </ClCompile>
    <ClCompile Include="SubtractCommand.cpp">
      <Filter>Commands</Filter>
    </ClCompile>
    <ClCompile Include="SleepCommand.cpp">
      <Filter>Commands</Filter>
    </ClCompile>
    <ClCompile Include="ForCommand.cpp">
      <Filter>Commands</Filter>
    </ClCompile>
    <ClCompile Include="SchedulerWorker.cpp">
      <Filter>Threading</Filter>
    </ClCompile>
    <ClCompile Include="IETThread.cpp">
      <Filter>Threading</Filter>
    </ClCompile>
    <ClCompile Include="FCFSScheduler.cpp">
      <Filter>Schedulers</Filter>
    </ClCompile>
    <ClCompile Include="ConfigReader.cpp">
      <Filter>Source Files</Filter>
    </ClCompile>
    <ClCompile Include="ICommand.cpp">
      <Filter>Commands</Filter>
    </ClCompile>
    <ClCompile Include="GlobalScheduler.cpp">
      <Filter>Source Files</Filter>
    </ClCompile>
    <ClCompile Include="CPUTick.cpp">
      <Filter>Source Files</Filter>
    </ClCompile>
    <ClCompile Include="GlobalProcessQueue.cpp">
      <Filter>Source Files</Filter>
    </ClCompile>
    <ClCompile Include="RRScheduler.cpp">
      <Filter>Schedulers</Filter>
    </ClCompile>
    <ClCompile Include="RRSchedulerWorker.cpp">
      <Filter>Threading</Filter>
    </ClCompile>
    <ClCompile Include="PageEntry.cpp">
      <Filter>Process</Filter>
    </ClCompile>
    <ClCompile Include="MemoryManager.cpp">
      <Filter>Memory</Filter>
    </ClCompile>
    <ClCompile Include="FrameEntry.cpp">
      <Filter>Memory</Filter>
    </ClCompile>
  </ItemGroup>
  <ItemGroup>
    <ClInclude Include="Screen.h">
      <Filter>Header Files</Filter>
    </ClInclude>
    <ClInclude Include="ConsoleManager.h">
      <Filter>Header Files</Filter>
    </ClInclude>
    <ClInclude Include="AConsole.h">
      <Filter>Header Files</Filter>
    </ClInclude>
    <ClInclude Include="MainConsole.h">
      <Filter>Header Files</Filter>
    </ClInclude>
    <ClInclude Include="ICommand.h">
      <Filter>Commands</Filter>
    </ClInclude>
    <ClInclude Include="CommandPrinter.h">
      <Filter>Header Files</Filter>
    </ClInclude>
    <ClInclude Include="PrintCommand.h">
      <Filter>Commands</Filter>
    </ClInclude>
    <ClInclude Include="Process.h">
      <Filter>Process</Filter>
    </ClInclude>
    <ClInclude Include="BaseScreen.h">
      <Filter>Screen</Filter>
    </ClInclude>
    <ClInclude Include="AScheduler.h">
      <Filter>Schedulers</Filter>
    </ClInclude>
    <ClInclude Include="DeclareCommand.h">
      <Filter>Commands</Filter>
    </ClInclude>
    <ClInclude Include="AddCommand.h">
      <Filter>Commands</Filter>
    </ClInclude>
    <ClInclude Include="SubtractCommand.h">
      <Filter>Commands</Filter>
    </ClInclude>
    <ClInclude Include="SleepCommand.h">
      <Filter>Commands</Filter>
    </ClInclude>
    <ClInclude Include="ForCommand.h">
      <Filter>Commands</Filter>
    </ClInclude>
    <ClInclude Include="SchedulerWorker.h">
      <Filter>Threading</Filter>
    </ClInclude>
    <ClInclude Include="IETThread.h">
      <Filter>Threading</Filter>
    </ClInclude>
    <ClInclude Include="FCFSScheduler.h">
      <Filter>Schedulers</Filter>
    </ClInclude>
    <ClInclude Include="ConfigReader.h">
      <Filter>Header Files</Filter>
    </ClInclude>
    <ClInclude Include="GlobalScheduler.h">
      <Filter>Header Files</Filter>
    </ClInclude>
    <ClInclude Include="CPUTick.h">
      <Filter>Header Files</Filter>
    </ClInclude>
    <ClInclude Include="GlobalProcessQueue.h">
      <Filter>Header Files</Filter>
    </ClInclude>
    <ClInclude Include="RRScheduler.h">
      <Filter>Schedulers</Filter>
    </ClInclude>
    <ClInclude Include="RRSchedulerWorker.h">
      <Filter>Threading</Filter>
    </ClInclude>
    <ClInclude Include="PageEntry.h">
      <Filter>Process</Filter>
    </ClInclude>
    <ClInclude Include="MemoryManager.h">
      <Filter>Memory</Filter>
    </ClInclude>
    <ClInclude Include="FrameEntry.h">
      <Filter>Memory</Filter>
    </ClInclude>
  </ItemGroup>
  <ItemGroup>
    <Text Include="config.txt" />
    <Text Include="csopesy-backing-store.txt" />
  </ItemGroup>
</Project>